// !$*UTF8*$!
{
	archiveVersion = 1;
	classes = {
	};
	objectVersion = 52;
	objects = {

/* Begin PBXBuildFile section */
		E87ABCD1262AEC4600CBF27E /* BrowsView.swift in Sources */ = {isa = PBXBuildFile; fileRef = E87ABCD0262AEC4600CBF27E /* BrowsView.swift */; };
		E881022C262A1A0B00DE5941 /* The_BodyApp.swift in Sources */ = {isa = PBXBuildFile; fileRef = E881022B262A1A0B00DE5941 /* The_BodyApp.swift */; };
		E881022E262A1A0B00DE5941 /* ContentView.swift in Sources */ = {isa = PBXBuildFile; fileRef = E881022D262A1A0B00DE5941 /* ContentView.swift */; };
		E8810230262A1A0F00DE5941 /* Assets.xcassets in Resources */ = {isa = PBXBuildFile; fileRef = E881022F262A1A0F00DE5941 /* Assets.xcassets */; };
		E8810233262A1A0F00DE5941 /* Preview Assets.xcassets in Resources */ = {isa = PBXBuildFile; fileRef = E8810232262A1A0F00DE5941 /* Preview Assets.xcassets */; };
		E881023F262A23AF00DE5941 /* chair_swan.usdz in Resources */ = {isa = PBXBuildFile; fileRef = E881023C262A23AF00DE5941 /* chair_swan.usdz */; };
		E8810240262A23AF00DE5941 /* fender_stratocaster.usdz in Resources */ = {isa = PBXBuildFile; fileRef = E881023D262A23AF00DE5941 /* fender_stratocaster.usdz */; };
		E8810241262A23AF00DE5941 /* cup_saucer_set.usdz in Resources */ = {isa = PBXBuildFile; fileRef = E881023E262A23AF00DE5941 /* cup_saucer_set.usdz */; };
		E8810245262A23C100DE5941 /* toy_biplane.usdz in Resources */ = {isa = PBXBuildFile; fileRef = E8810243262A23C100DE5941 /* toy_biplane.usdz */; };
		E8810246262A23C100DE5941 /* toy_robot_vintage.usdz in Resources */ = {isa = PBXBuildFile; fileRef = E8810244262A23C100DE5941 /* toy_robot_vintage.usdz */; };
		E8810249262A297B00DE5941 /* ControlView.swift in Sources */ = {isa = PBXBuildFile; fileRef = E8810248262A297B00DE5941 /* ControlView.swift */; };
		E898C240262B9197009FEC4D /* PlacementSettings.swift in Sources */ = {isa = PBXBuildFile; fileRef = E898C23F262B9197009FEC4D /* PlacementSettings.swift */; };
		E898C243262B93F3009FEC4D /* PlacementView.swift in Sources */ = {isa = PBXBuildFile; fileRef = E898C242262B93F3009FEC4D /* PlacementView.swift */; };
		E898C247262B9EDD009FEC4D /* FocusEntity in Frameworks */ = {isa = PBXBuildFile; productRef = E898C246262B9EDD009FEC4D /* FocusEntity */; };
		E898C24A262B9F38009FEC4D /* CustomARView.swift in Sources */ = {isa = PBXBuildFile; fileRef = E898C249262B9F38009FEC4D /* CustomARView.swift */; };
		E8AC6218262B3FAE007437BD /* Model.swift in Sources */ = {isa = PBXBuildFile; fileRef = E8AC6217262B3FAE007437BD /* Model.swift */; };
/* End PBXBuildFile section */

/* Begin PBXFileReference section */
		E87ABCD0262AEC4600CBF27E /* BrowsView.swift */ = {isa = PBXFileReference; lastKnownFileType = sourcecode.swift; path = BrowsView.swift; sourceTree = "<group>"; };
		E8810228262A1A0B00DE5941 /* The Body.app */ = {isa = PBXFileReference; explicitFileType = wrapper.application; includeInIndex = 0; path = "The Body.app"; sourceTree = BUILT_PRODUCTS_DIR; };
		E881022B262A1A0B00DE5941 /* The_BodyApp.swift */ = {isa = PBXFileReference; lastKnownFileType = sourcecode.swift; path = The_BodyApp.swift; sourceTree = "<group>"; };
		E881022D262A1A0B00DE5941 /* ContentView.swift */ = {isa = PBXFileReference; lastKnownFileType = sourcecode.swift; path = ContentView.swift; sourceTree = "<group>"; };
		E881022F262A1A0F00DE5941 /* Assets.xcassets */ = {isa = PBXFileReference; lastKnownFileType = folder.assetcatalog; path = Assets.xcassets; sourceTree = "<group>"; };
		E8810232262A1A0F00DE5941 /* Preview Assets.xcassets */ = {isa = PBXFileReference; lastKnownFileType = folder.assetcatalog; path = "Preview Assets.xcassets"; sourceTree = "<group>"; };
		E8810234262A1A0F00DE5941 /* Info.plist */ = {isa = PBXFileReference; lastKnownFileType = text.plist.xml; path = Info.plist; sourceTree = "<group>"; };
		E881023C262A23AF00DE5941 /* chair_swan.usdz */ = {isa = PBXFileReference; lastKnownFileType = file.usdz; path = chair_swan.usdz; sourceTree = "<group>"; };
		E881023D262A23AF00DE5941 /* fender_stratocaster.usdz */ = {isa = PBXFileReference; lastKnownFileType = file.usdz; path = fender_stratocaster.usdz; sourceTree = "<group>"; };
		E881023E262A23AF00DE5941 /* cup_saucer_set.usdz */ = {isa = PBXFileReference; lastKnownFileType = file.usdz; path = cup_saucer_set.usdz; sourceTree = "<group>"; };
		E8810243262A23C100DE5941 /* toy_biplane.usdz */ = {isa = PBXFileReference; lastKnownFileType = file.usdz; path = toy_biplane.usdz; sourceTree = "<group>"; };
		E8810244262A23C100DE5941 /* toy_robot_vintage.usdz */ = {isa = PBXFileReference; lastKnownFileType = file.usdz; path = toy_robot_vintage.usdz; sourceTree = "<group>"; };
		E8810248262A297B00DE5941 /* ControlView.swift */ = {isa = PBXFileReference; lastKnownFileType = sourcecode.swift; path = ControlView.swift; sourceTree = "<group>"; };
		E898C23F262B9197009FEC4D /* PlacementSettings.swift */ = {isa = PBXFileReference; lastKnownFileType = sourcecode.swift; path = PlacementSettings.swift; sourceTree = "<group>"; };
		E898C242262B93F3009FEC4D /* PlacementView.swift */ = {isa = PBXFileReference; lastKnownFileType = sourcecode.swift; path = PlacementView.swift; sourceTree = "<group>"; };
		E898C249262B9F38009FEC4D /* CustomARView.swift */ = {isa = PBXFileReference; lastKnownFileType = sourcecode.swift; path = CustomARView.swift; sourceTree = "<group>"; };
		E8AC6217262B3FAE007437BD /* Model.swift */ = {isa = PBXFileReference; lastKnownFileType = sourcecode.swift; path = Model.swift; sourceTree = "<group>"; };
/* End PBXFileReference section */

/* Begin PBXFrameworksBuildPhase section */
		E8810225262A1A0B00DE5941 /* Frameworks */ = {
			isa = PBXFrameworksBuildPhase;
			buildActionMask = 2147483647;
			files = (
				E898C247262B9EDD009FEC4D /* FocusEntity in Frameworks */,
			);
			runOnlyForDeploymentPostprocessing = 0;
		};
/* End PBXFrameworksBuildPhase section */

/* Begin PBXGroup section */
		E881021F262A1A0B00DE5941 = {
			isa = PBXGroup;
			children = (
				E881022A262A1A0B00DE5941 /* The Body */,
				E8810229262A1A0B00DE5941 /* Products */,
			);
			sourceTree = "<group>";
		};
		E8810229262A1A0B00DE5941 /* Products */ = {
			isa = PBXGroup;
			children = (
				E8810228262A1A0B00DE5941 /* The Body.app */,
			);
			name = Products;
			sourceTree = "<group>";
		};
		E881022A262A1A0B00DE5941 /* The Body */ = {
			isa = PBXGroup;
			children = (
				E881022B262A1A0B00DE5941 /* The_BodyApp.swift */,
				E881022D262A1A0B00DE5941 /* ContentView.swift */,
				E8810248262A297B00DE5941 /* ControlView.swift */,
				E87ABCD0262AEC4600CBF27E /* BrowsView.swift */,
				E898C23F262B9197009FEC4D /* PlacementSettings.swift */,
				E898C242262B93F3009FEC4D /* PlacementView.swift */,
				E898C249262B9F38009FEC4D /* CustomARView.swift */,
				E8AC6217262B3FAE007437BD /* Model.swift */,
				E881023B262A230800DE5941 /* 3D Assets */,
				E881022F262A1A0F00DE5941 /* Assets.xcassets */,
				E8810234262A1A0F00DE5941 /* Info.plist */,
				E8810231262A1A0F00DE5941 /* Preview Content */,
			);
			path = "The Body";
			sourceTree = "<group>";
		};
		E8810231262A1A0F00DE5941 /* Preview Content */ = {
			isa = PBXGroup;
			children = (
				E8810232262A1A0F00DE5941 /* Preview Assets.xcassets */,
			);
			path = "Preview Content";
			sourceTree = "<group>";
		};
		E881023B262A230800DE5941 /* 3D Assets */ = {
			isa = PBXGroup;
			children = (
				E8810243262A23C100DE5941 /* toy_biplane.usdz */,
				E8810244262A23C100DE5941 /* toy_robot_vintage.usdz */,
				E881023C262A23AF00DE5941 /* chair_swan.usdz */,
				E881023E262A23AF00DE5941 /* cup_saucer_set.usdz */,
				E881023D262A23AF00DE5941 /* fender_stratocaster.usdz */,
			);
			path = "3D Assets";
			sourceTree = "<group>";
		};
/* End PBXGroup section */

/* Begin PBXNativeTarget section */
		E8810227262A1A0B00DE5941 /* The Body */ = {
			isa = PBXNativeTarget;
			buildConfigurationList = E8810237262A1A0F00DE5941 /* Build configuration list for PBXNativeTarget "The Body" */;
			buildPhases = (
				E8810224262A1A0B00DE5941 /* Sources */,
				E8810225262A1A0B00DE5941 /* Frameworks */,
				E8810226262A1A0B00DE5941 /* Resources */,
			);
			buildRules = (
			);
			dependencies = (
			);
			name = "The Body";
			packageProductDependencies = (
				E898C246262B9EDD009FEC4D /* FocusEntity */,
			);
			productName = "The Body";
			productReference = E8810228262A1A0B00DE5941 /* The Body.app */;
			productType = "com.apple.product-type.application";
		};
/* End PBXNativeTarget section */

/* Begin PBXProject section */
		E8810220262A1A0B00DE5941 /* Project object */ = {
			isa = PBXProject;
			attributes = {
				LastSwiftUpdateCheck = 1240;
				LastUpgradeCheck = 1240;
				TargetAttributes = {
					E8810227262A1A0B00DE5941 = {
						CreatedOnToolsVersion = 12.4;
					};
				};
			};
			buildConfigurationList = E8810223262A1A0B00DE5941 /* Build configuration list for PBXProject "The Body" */;
			compatibilityVersion = "Xcode 9.3";
			developmentRegion = en;
			hasScannedForEncodings = 0;
			knownRegions = (
				en,
				Base,
			);
			mainGroup = E881021F262A1A0B00DE5941;
			packageReferences = (
				E898C245262B9EDD009FEC4D /* XCRemoteSwiftPackageReference "FocusEntity" */,
			);
			productRefGroup = E8810229262A1A0B00DE5941 /* Products */;
			projectDirPath = "";
			projectRoot = "";
			targets = (
				E8810227262A1A0B00DE5941 /* The Body */,
			);
		};
/* End PBXProject section */

/* Begin PBXResourcesBuildPhase section */
		E8810226262A1A0B00DE5941 /* Resources */ = {
			isa = PBXResourcesBuildPhase;
			buildActionMask = 2147483647;
			files = (
				E8810245262A23C100DE5941 /* toy_biplane.usdz in Resources */,
				E881023F262A23AF00DE5941 /* chair_swan.usdz in Resources */,
				E8810233262A1A0F00DE5941 /* Preview Assets.xcassets in Resources */,
				E8810241262A23AF00DE5941 /* cup_saucer_set.usdz in Resources */,
				E8810240262A23AF00DE5941 /* fender_stratocaster.usdz in Resources */,
				E8810230262A1A0F00DE5941 /* Assets.xcassets in Resources */,
				E8810246262A23C100DE5941 /* toy_robot_vintage.usdz in Resources */,
			);
			runOnlyForDeploymentPostprocessing = 0;
		};
/* End PBXResourcesBuildPhase section */

/* Begin PBXSourcesBuildPhase section */
		E8810224262A1A0B00DE5941 /* Sources */ = {
			isa = PBXSourcesBuildPhase;
			buildActionMask = 2147483647;
			files = (
				E898C240262B9197009FEC4D /* PlacementSettings.swift in Sources */,
				E8AC6218262B3FAE007437BD /* Model.swift in Sources */,
				E881022E262A1A0B00DE5941 /* ContentView.swift in Sources */,
				E8810249262A297B00DE5941 /* ControlView.swift in Sources */,
				E87ABCD1262AEC4600CBF27E /* BrowsView.swift in Sources */,
				E881022C262A1A0B00DE5941 /* The_BodyApp.swift in Sources */,
				E898C24A262B9F38009FEC4D /* CustomARView.swift in Sources */,
				E898C243262B93F3009FEC4D /* PlacementView.swift in Sources */,
			);
			runOnlyForDeploymentPostprocessing = 0;
		};
/* End PBXSourcesBuildPhase section */

/* Begin XCBuildConfiguration section */
		E8810235262A1A0F00DE5941 /* Debug */ = {
			isa = XCBuildConfiguration;
			buildSettings = {
				ALWAYS_SEARCH_USER_PATHS = NO;
				CLANG_ANALYZER_NONNULL = YES;
				CLANG_ANALYZER_NUMBER_OBJECT_CONVERSION = YES_AGGRESSIVE;
				CLANG_CXX_LANGUAGE_STANDARD = "gnu++14";
				CLANG_CXX_LIBRARY = "libc++";
				CLANG_ENABLE_MODULES = YES;
				CLANG_ENABLE_OBJC_ARC = YES;
				CLANG_ENABLE_OBJC_WEAK = YES;
				CLANG_WARN_BLOCK_CAPTURE_AUTORELEASING = YES;
				CLANG_WARN_BOOL_CONVERSION = YES;
				CLANG_WARN_COMMA = YES;
				CLANG_WARN_CONSTANT_CONVERSION = YES;
				CLANG_WARN_DEPRECATED_OBJC_IMPLEMENTATIONS = YES;
				CLANG_WARN_DIRECT_OBJC_ISA_USAGE = YES_ERROR;
				CLANG_WARN_DOCUMENTATION_COMMENTS = YES;
				CLANG_WARN_EMPTY_BODY = YES;
				CLANG_WARN_ENUM_CONVERSION = YES;
				CLANG_WARN_INFINITE_RECURSION = YES;
				CLANG_WARN_INT_CONVERSION = YES;
				CLANG_WARN_NON_LITERAL_NULL_CONVERSION = YES;
				CLANG_WARN_OBJC_IMPLICIT_RETAIN_SELF = YES;
				CLANG_WARN_OBJC_LITERAL_CONVERSION = YES;
				CLANG_WARN_OBJC_ROOT_CLASS = YES_ERROR;
				CLANG_WARN_QUOTED_INCLUDE_IN_FRAMEWORK_HEADER = YES;
				CLANG_WARN_RANGE_LOOP_ANALYSIS = YES;
				CLANG_WARN_STRICT_PROTOTYPES = YES;
				CLANG_WARN_SUSPICIOUS_MOVE = YES;
				CLANG_WARN_UNGUARDED_AVAILABILITY = YES_AGGRESSIVE;
				CLANG_WARN_UNREACHABLE_CODE = YES;
				CLANG_WARN__DUPLICATE_METHOD_MATCH = YES;
				COPY_PHASE_STRIP = NO;
				DEBUG_INFORMATION_FORMAT = dwarf;
				ENABLE_STRICT_OBJC_MSGSEND = YES;
				ENABLE_TESTABILITY = YES;
				GCC_C_LANGUAGE_STANDARD = gnu11;
				GCC_DYNAMIC_NO_PIC = NO;
				GCC_NO_COMMON_BLOCKS = YES;
				GCC_OPTIMIZATION_LEVEL = 0;
				GCC_PREPROCESSOR_DEFINITIONS = (
					"DEBUG=1",
					"$(inherited)",
				);
				GCC_WARN_64_TO_32_BIT_CONVERSION = YES;
				GCC_WARN_ABOUT_RETURN_TYPE = YES_ERROR;
				GCC_WARN_UNDECLARED_SELECTOR = YES;
				GCC_WARN_UNINITIALIZED_AUTOS = YES_AGGRESSIVE;
				GCC_WARN_UNUSED_FUNCTION = YES;
				GCC_WARN_UNUSED_VARIABLE = YES;
				IPHONEOS_DEPLOYMENT_TARGET = 14.4;
				MTL_ENABLE_DEBUG_INFO = INCLUDE_SOURCE;
				MTL_FAST_MATH = YES;
				ONLY_ACTIVE_ARCH = YES;
				SDKROOT = iphoneos;
				SWIFT_ACTIVE_COMPILATION_CONDITIONS = DEBUG;
				SWIFT_OPTIMIZATION_LEVEL = "-Onone";
			};
			name = Debug;
		};
		E8810236262A1A0F00DE5941 /* Release */ = {
			isa = XCBuildConfiguration;
			buildSettings = {
				ALWAYS_SEARCH_USER_PATHS = NO;
				CLANG_ANALYZER_NONNULL = YES;
				CLANG_ANALYZER_NUMBER_OBJECT_CONVERSION = YES_AGGRESSIVE;
				CLANG_CXX_LANGUAGE_STANDARD = "gnu++14";
				CLANG_CXX_LIBRARY = "libc++";
				CLANG_ENABLE_MODULES = YES;
				CLANG_ENABLE_OBJC_ARC = YES;
				CLANG_ENABLE_OBJC_WEAK = YES;
				CLANG_WARN_BLOCK_CAPTURE_AUTORELEASING = YES;
				CLANG_WARN_BOOL_CONVERSION = YES;
				CLANG_WARN_COMMA = YES;
				CLANG_WARN_CONSTANT_CONVERSION = YES;
				CLANG_WARN_DEPRECATED_OBJC_IMPLEMENTATIONS = YES;
				CLANG_WARN_DIRECT_OBJC_ISA_USAGE = YES_ERROR;
				CLANG_WARN_DOCUMENTATION_COMMENTS = YES;
				CLANG_WARN_EMPTY_BODY = YES;
				CLANG_WARN_ENUM_CONVERSION = YES;
				CLANG_WARN_INFINITE_RECURSION = YES;
				CLANG_WARN_INT_CONVERSION = YES;
				CLANG_WARN_NON_LITERAL_NULL_CONVERSION = YES;
				CLANG_WARN_OBJC_IMPLICIT_RETAIN_SELF = YES;
				CLANG_WARN_OBJC_LITERAL_CONVERSION = YES;
				CLANG_WARN_OBJC_ROOT_CLASS = YES_ERROR;
				CLANG_WARN_QUOTED_INCLUDE_IN_FRAMEWORK_HEADER = YES;
				CLANG_WARN_RANGE_LOOP_ANALYSIS = YES;
				CLANG_WARN_STRICT_PROTOTYPES = YES;
				CLANG_WARN_SUSPICIOUS_MOVE = YES;
				CLANG_WARN_UNGUARDED_AVAILABILITY = YES_AGGRESSIVE;
				CLANG_WARN_UNREACHABLE_CODE = YES;
				CLANG_WARN__DUPLICATE_METHOD_MATCH = YES;
				COPY_PHASE_STRIP = NO;
				DEBUG_INFORMATION_FORMAT = "dwarf-with-dsym";
				ENABLE_NS_ASSERTIONS = NO;
				ENABLE_STRICT_OBJC_MSGSEND = YES;
				GCC_C_LANGUAGE_STANDARD = gnu11;
				GCC_NO_COMMON_BLOCKS = YES;
				GCC_WARN_64_TO_32_BIT_CONVERSION = YES;
				GCC_WARN_ABOUT_RETURN_TYPE = YES_ERROR;
				GCC_WARN_UNDECLARED_SELECTOR = YES;
				GCC_WARN_UNINITIALIZED_AUTOS = YES_AGGRESSIVE;
				GCC_WARN_UNUSED_FUNCTION = YES;
				GCC_WARN_UNUSED_VARIABLE = YES;
				IPHONEOS_DEPLOYMENT_TARGET = 14.4;
				MTL_ENABLE_DEBUG_INFO = NO;
				MTL_FAST_MATH = YES;
				SDKROOT = iphoneos;
				SWIFT_COMPILATION_MODE = wholemodule;
				SWIFT_OPTIMIZATION_LEVEL = "-O";
				VALIDATE_PRODUCT = YES;
			};
			name = Release;
		};
		E8810238262A1A0F00DE5941 /* Debug */ = {
			isa = XCBuildConfiguration;
			buildSettings = {
				ASSETCATALOG_COMPILER_APPICON_NAME = AppIcon;
				ASSETCATALOG_COMPILER_GLOBAL_ACCENT_COLOR_NAME = AccentColor;
				CODE_SIGN_STYLE = Automatic;
				DEVELOPMENT_ASSET_PATHS = "\"The Body/Preview Content\"";
				DEVELOPMENT_TEAM = TFDUV3975L;
				ENABLE_PREVIEWS = YES;
				INFOPLIST_FILE = "The Body/Info.plist";
				IPHONEOS_DEPLOYMENT_TARGET = 14.0;
				LD_RUNPATH_SEARCH_PATHS = (
					"$(inherited)",
					"@executable_path/Frameworks",
				);
				PRODUCT_BUNDLE_IDENTIFIER = "tahacekin.The-Body";
				PRODUCT_NAME = "$(TARGET_NAME)";
				SWIFT_VERSION = 5.0;
				TARGETED_DEVICE_FAMILY = "1,2";
			};
			name = Debug;
		};
		E8810239262A1A0F00DE5941 /* Release */ = {
			isa = XCBuildConfiguration;
			buildSettings = {
				ASSETCATALOG_COMPILER_APPICON_NAME = AppIcon;
				ASSETCATALOG_COMPILER_GLOBAL_ACCENT_COLOR_NAME = AccentColor;
				CODE_SIGN_STYLE = Automatic;
				DEVELOPMENT_ASSET_PATHS = "\"The Body/Preview Content\"";
				DEVELOPMENT_TEAM = TFDUV3975L;
				ENABLE_PREVIEWS = YES;
				INFOPLIST_FILE = "The Body/Info.plist";
				IPHONEOS_DEPLOYMENT_TARGET = 14.0;
				LD_RUNPATH_SEARCH_PATHS = (
					"$(inherited)",
					"@executable_path/Frameworks",
				);
				PRODUCT_BUNDLE_IDENTIFIER = "tahacekin.The-Body";
				PRODUCT_NAME = "$(TARGET_NAME)";
				SWIFT_VERSION = 5.0;
				TARGETED_DEVICE_FAMILY = "1,2";
			};
			name = Release;
		};
/* End XCBuildConfiguration section */

/* Begin XCConfigurationList section */
		E8810223262A1A0B00DE5941 /* Build configuration list for PBXProject "The Body" */ = {
			isa = XCConfigurationList;
			buildConfigurations = (
				E8810235262A1A0F00DE5941 /* Debug */,
				E8810236262A1A0F00DE5941 /* Release */,
			);
			defaultConfigurationIsVisible = 0;
			defaultConfigurationName = Release;
		};
		E8810237262A1A0F00DE5941 /* Build configuration list for PBXNativeTarget "The Body" */ = {
			isa = XCConfigurationList;
			buildConfigurations = (
				E8810238262A1A0F00DE5941 /* Debug */,
				E8810239262A1A0F00DE5941 /* Release */,
			);
			defaultConfigurationIsVisible = 0;
			defaultConfigurationName = Release;
		};
/* End XCConfigurationList section */

/* Begin XCRemoteSwiftPackageReference section */
		E898C245262B9EDD009FEC4D /* XCRemoteSwiftPackageReference "FocusEntity" */ = {
			isa = XCRemoteSwiftPackageReference;
			repositoryURL = "https://github.com/maxxfrazer/FocusEntity";
			requirement = {
				kind = upToNextMajorVersion;
				minimumVersion = 2.2.3;
			};
		};
/* End XCRemoteSwiftPackageReference section */

/* Begin XCSwiftPackageProductDependency section */
		E898C246262B9EDD009FEC4D /* FocusEntity */ = {
			isa = XCSwiftPackageProductDependency;
			package = E898C245262B9EDD009FEC4D /* XCRemoteSwiftPackageReference "FocusEntity" */;
			productName = FocusEntity;
		};
/* End XCSwiftPackageProductDependency section */
	};
	rootObject = E8810220262A1A0B00DE5941 /* Project object */;
}
